{
  "nodes": {
    "nixpkgs": {
      "locked": {
        "lastModified": 1740603184,
        "narHash": "sha256-t+VaahjQAWyA+Ctn2idyo1yxRIYpaDxMgHkgCNiMJa4=",
        "owner": "NixOS",
        "repo": "nixpkgs",
        "rev": "f44bd8ca21e026135061a0a57dcf3d0775b67a49",
        "type": "github"
      },
      "original": {
        "owner": "NixOS",
        "repo": "nixpkgs",
        "rev": "f44bd8ca21e026135061a0a57dcf3d0775b67a49",
        "type": "github"
      }
    },
    "root": {
      "inputs": {
        "nixpkgs": "nixpkgs",
        "rust-overlay": "rust-overlay",
        "zerokit": "zerokit"
      }
    },
    "rust-overlay": {
      "inputs": {
        "nixpkgs": [
          "nixpkgs"
        ]
      },
      "locked": {
        "lastModified": 1771125043,
        "narHash": "sha256-ldf/s49n6rOAxl7pYLJGGS1N/assoHkCOWdEdLyNZkc=",
        "owner": "oxalica",
        "repo": "rust-overlay",
        "rev": "4912f951a26dc8142b176be2c2ad834319dc06e8",
        "type": "github"
      },
      "original": {
        "owner": "oxalica",
        "repo": "rust-overlay",
        "type": "github"
      }
    },
    "rust-overlay_2": {
      "inputs": {
        "nixpkgs": [
          "zerokit",
          "nixpkgs"
        ]
      },
      "locked": {
        "lastModified": 1748399823,
        "narHash": "sha256-kahD8D5hOXOsGbNdoLLnqCL887cjHkx98Izc37nDjlA=",
        "owner": "oxalica",
        "repo": "rust-overlay",
        "rev": "d68a69dc71bc19beb3479800392112c2f6218159",
        "type": "github"
      },
      "original": {
        "owner": "oxalica",
        "repo": "rust-overlay",
        "type": "github"
      }
    },
    "zerokit": {
      "inputs": {
        "nixpkgs": [
          "nixpkgs"
        ],
        "rust-overlay": "rust-overlay_2"
      },
      "locked": {
        "lastModified": 1759236302,
        "narHash": "sha256-tzX/C5tKo5GkydZPFhGafRdFqgHUqTpr2sh/49/a/sY=",
        "owner": "vacp2p",
        "repo": "zerokit",
        "rev": "a4bb3feb5054e6fd24827adf204493e6e173437b",
        "type": "github"
      },
      "original": {
        "owner": "vacp2p",
        "ref": "v0.9.0",
        "repo": "zerokit",
        "type": "github"
      }
    }
  },
  "root": "root",
  "version": 7
}
