{
  "nodes": {
    "nimbusBuildSystem": {
      "inputs": {
        "nixpkgs": [
          "nixpkgs"
        ]
      },
      "locked": {
        "lastModified": 1769685810,
        "narHash": "sha256-mANqcQcRXb08ZR8WF6SoyVrL/nXUePtMZfpNx25BlLI=",
        "rev": "0e7a764edae92b224326b3700f062702489ce2b4",
        "revCount": 238,
        "submodules": true,
        "type": "git",
        "url": "file:./vendor/nimbus-build-system"
      },
      "original": {
        "submodules": true,
        "type": "git",
        "url": "file:./vendor/nimbus-build-system"
      }
    },
    "nixpkgs": {
      "locked": {
        "lastModified": 1757590060,
        "narHash": "sha256-EWwwdKLMZALkgHFyKW7rmyhxECO74+N+ZO5xTDnY/5c=",
        "owner": "NixOS",
        "repo": "nixpkgs",
        "rev": "0ef228213045d2cdb5a169a95d63ded38670b293",
        "type": "github"
      },
      "original": {
        "owner": "NixOS",
        "repo": "nixpkgs",
        "rev": "0ef228213045d2cdb5a169a95d63ded38670b293",
        "type": "github"
      }
    },
    "root": {
      "inputs": {
        "nimbusBuildSystem": "nimbusBuildSystem",
        "nixpkgs": "nixpkgs",
        "zerokit": "zerokit"
      }
    },
    "rust-overlay": {
      "inputs": {
        "nixpkgs": [
          "zerokit",
          "nixpkgs"
        ]
      },
      "locked": {
        "lastModified": 1748399823,
        "narHash": "sha256-kahD8D5hOXOsGbNdoLLnqCL887cjHkx98Izc37nDjlA=",
        "owner": "oxalica",
        "repo": "rust-overlay",
        "rev": "d68a69dc71bc19beb3479800392112c2f6218159",
        "type": "github"
      },
      "original": {
        "owner": "oxalica",
        "repo": "rust-overlay",
        "type": "github"
      }
    },
    "zerokit": {
      "inputs": {
        "nixpkgs": [
          "nixpkgs"
        ],
        "rust-overlay": "rust-overlay"
      },
      "locked": {
        "lastModified": 1769437355,
        "narHash": "sha256-cTZ1LZegNBNrNlLRYCtEoTYsVPPukNVqGwSIEwIfZFg=",
        "rev": "70c79fbc989d4f87d9352b2f4bddcb60ebe55b19",
        "revCount": 339,
        "type": "git",
        "url": "file:./vendor/zerokit"
      },
      "original": {
        "type": "git",
        "url": "file:./vendor/zerokit"
      }
    }
  },
  "root": "root",
  "version": 7
}
